{
  "pins" : [
    {
      "identity" : "bigint",
      "kind" : "remoteSourceControl",
      "location" : "https://github.com/attaswift/BigInt",
      "state" : {
        "revision" : "0ed110f7555c34ff468e72e1686e59721f2b0da6",
        "version" : "5.3.0"
      }
    },
    {
      "identity" : "generic-json-swift",
      "kind" : "remoteSourceControl",
      "location" : "https://github.com/zoul/generic-json-swift",
      "state" : {
        "revision" : "a137894b2a217abe489cdf1ea287e6f7819b1051",
        "version" : "2.0.1"
      }
    },
    {
      "identity" : "keychain-swift",
      "kind" : "remoteSourceControl",
      "location" : "https://github.com/evgenyneu/keychain-swift.git",
      "state" : {
        "branch" : "master",
        "revision" : "32a99b537d1c6f3529a08257c28a5feb70c0c5af"
      }
    },
    {
      "identity" : "secp256k1.swift",
      "kind" : "remoteSourceControl",
      "location" : "https://github.com/Boilertalk/secp256k1.swift",
      "state" : {
        "revision" : "45e458ec3be46cf0a6eb68bc947f797852dc65d8",
        "version" : "0.1.6"
      }
    },
    {
      "identity" : "web3.swift",
      "kind" : "remoteSourceControl",
      "location" : "https://github.com/argentlabs/web3.swift",
      "state" : {
        "revision" : "23246805707db1ff2b65e651eac1e2904957a569",
        "version" : "0.9.3"
      }
    },
    {
      "identity" : "web3auth-swift-sdk",
      "kind" : "remoteSourceControl",
      "location" : "https://github.com/web3auth/web3auth-swift-sdk",
      "state" : {
        "branch" : "master",
        "revision" : "e699f11175c8aaecb6a2da4ae1a85fa9c297aa3d"
      }
    }
  ],
  "version" : 2
}
